{
  "name": "new-folder",
  "version": "1.0.0",
  "lockfileVersion": 1,
  "requires": true,
  "dependencies": {
    "chordifyy": {
      "version": "1.1.1",
      "resolved": "https://registry.npmjs.org/chordifyy/-/chordifyy-1.1.1.tgz",
      "integrity": "sha512-vGYbuIKBbIcdbksw2ftHN4ht/nzkOzvLVEPRv7TCIJRRDrpeRke+hG/q3gayOP0IeC8YZvGYwkRq6azrrXQL/Q=="
    }
  }
}
