{
  "name": "new-folder",
  "version": "1.0.0",
  "lockfileVersion": 1,
  "requires": true,
  "dependencies": {
    "chordifyy": {
      "version": "1.0.3",
      "resolved": "https://registry.npmjs.org/chordifyy/-/chordifyy-1.0.3.tgz",
      "integrity": "sha512-KHenu3LtD64t3CCETVtauixMYTJe/k5Yce5GSLFfQ1DI5m6oXGivaBRCmxQrAmJ22oXEv6Z54+Fsgu6l+w1mWw=="
    }
  }
}
